Microsoft Visual Studio Solution File, Format Version 12.00
# Visual Studio 2012
Project("{FAE04EC0-301F-11D3-BF4B-00C04F79EFBC}") = "Dino Jump", "Dino Jump.csproj", "{037292AC-1489-4CCE-B3C5-FC9DAD6D8DEE}"
EndProject
Global
	GlobalSection(SolutionConfigurationPlatforms) = preSolution
	Debug|Any CPU = Debug|Any CPU
	ExportDebug|Any CPU = ExportDebug|Any CPU
	ExportRelease|Any CPU = ExportRelease|Any CPU
	EndGlobalSection
	GlobalSection(ProjectConfigurationPlatforms) = postSolution
		{037292AC-1489-4CCE-B3C5-FC9DAD6D8DEE}.Debug|Any CPU.ActiveCfg = Debug|Any CPU
		{037292AC-1489-4CCE-B3C5-FC9DAD6D8DEE}.Debug|Any CPU.Build.0 = Debug|Any CPU
		{037292AC-1489-4CCE-B3C5-FC9DAD6D8DEE}.ExportDebug|Any CPU.ActiveCfg = ExportDebug|Any CPU
		{037292AC-1489-4CCE-B3C5-FC9DAD6D8DEE}.ExportDebug|Any CPU.Build.0 = ExportDebug|Any CPU
		{037292AC-1489-4CCE-B3C5-FC9DAD6D8DEE}.ExportRelease|Any CPU.ActiveCfg = ExportRelease|Any CPU
		{037292AC-1489-4CCE-B3C5-FC9DAD6D8DEE}.ExportRelease|Any CPU.Build.0 = ExportRelease|Any CPU
	EndGlobalSection
EndGlobal
